
Microsoft Visual Studio Solution File, Format Version 12.00
# Visual Studio Version 16
VisualStudioVersion = 16.0.31829.152
MinimumVisualStudioVersion = 10.0.40219.1
Project("{FAE04EC0-301F-11D3-BF4B-00C04F79EFBC}") = "12.27.Pazartesi.WF", "12.27.Pazartesi.WF\12.27.Pazartesi.WF.csproj", "{37CE2F0E-096B-43C5-946B-B57CA97C7C47}"
EndProject
Project("{FAE04EC0-301F-11D3-BF4B-00C04F79EFBC}") = "WndDB", "WndDB\WndDB.csproj", "{3EB0A344-0E13-4AE0-8437-244E7E814D36}"
EndProject
Global
	GlobalSection(SolutionConfigurationPlatforms) = preSolution
		Debug|Any CPU = Debug|Any CPU
		Release|Any CPU = Release|Any CPU
	EndGlobalSection
	GlobalSection(ProjectConfigurationPlatforms) = postSolution
		{37CE2F0E-096B-43C5-946B-B57CA97C7C47}.Debug|Any CPU.ActiveCfg = Debug|Any CPU
		{37CE2F0E-096B-43C5-946B-B57CA97C7C47}.Debug|Any CPU.Build.0 = Debug|Any CPU
		{37CE2F0E-096B-43C5-946B-B57CA97C7C47}.Release|Any CPU.ActiveCfg = Release|Any CPU
		{37CE2F0E-096B-43C5-946B-B57CA97C7C47}.Release|Any CPU.Build.0 = Release|Any CPU
		{3EB0A344-0E13-4AE0-8437-244E7E814D36}.Debug|Any CPU.ActiveCfg = Debug|Any CPU
		{3EB0A344-0E13-4AE0-8437-244E7E814D36}.Debug|Any CPU.Build.0 = Debug|Any CPU
		{3EB0A344-0E13-4AE0-8437-244E7E814D36}.Release|Any CPU.ActiveCfg = Release|Any CPU
		{3EB0A344-0E13-4AE0-8437-244E7E814D36}.Release|Any CPU.Build.0 = Release|Any CPU
	EndGlobalSection
	GlobalSection(SolutionProperties) = preSolution
		HideSolutionNode = FALSE
	EndGlobalSection
	GlobalSection(ExtensibilityGlobals) = postSolution
		SolutionGuid = {C3A60F4B-A5A6-4DE2-A459-E9170499FB3B}
	EndGlobalSection
EndGlobal
